
Microsoft Visual Studio Solution File, Format Version 12.00
# Visual Studio Version 16
VisualStudioVersion = 16.0.31025.194
MinimumVisualStudioVersion = 10.0.40219.1
Project("{FAE04EC0-301F-11D3-BF4B-00C04F79EFBC}") = "ConsoleUI", "ConsoleUI\ConsoleUI.csproj", "{4C0EA7CA-DC54-430C-8E9E-4261AB6B55BD}"
EndProject
Project("{FAE04EC0-301F-11D3-BF4B-00C04F79EFBC}") = "ClockLibrary", "ClockLibrary\ClockLibrary.csproj", "{3751D68C-0930-477E-8F62-0FDA7C2E0873}"
EndProject
Project("{FAE04EC0-301F-11D3-BF4B-00C04F79EFBC}") = "MusicPlayerClassLibrary", "..\..\..\..\Users\corne\source\repos\MusicPlayer\MusicPlayerClassLibrary\MusicPlayerClassLibrary.csproj", "{39D93044-6DA9-4A0D-9023-E4114C1A3858}"
EndProject
Project("{FAE04EC0-301F-11D3-BF4B-00C04F79EFBC}") = "WinFormUI", "WinFormUI\WinFormUI.csproj", "{5F9F2E84-ED2B-4DCF-9CC1-277978C45309}"
EndProject
Global
	GlobalSection(SolutionConfigurationPlatforms) = preSolution
		Debug|Any CPU = Debug|Any CPU
		Release|Any CPU = Release|Any CPU
	EndGlobalSection
	GlobalSection(ProjectConfigurationPlatforms) = postSolution
		{4C0EA7CA-DC54-430C-8E9E-4261AB6B55BD}.Debug|Any CPU.ActiveCfg = Debug|Any CPU
		{4C0EA7CA-DC54-430C-8E9E-4261AB6B55BD}.Debug|Any CPU.Build.0 = Debug|Any CPU
		{4C0EA7CA-DC54-430C-8E9E-4261AB6B55BD}.Release|Any CPU.ActiveCfg = Release|Any CPU
		{4C0EA7CA-DC54-430C-8E9E-4261AB6B55BD}.Release|Any CPU.Build.0 = Release|Any CPU
		{3751D68C-0930-477E-8F62-0FDA7C2E0873}.Debug|Any CPU.ActiveCfg = Debug|Any CPU
		{3751D68C-0930-477E-8F62-0FDA7C2E0873}.Debug|Any CPU.Build.0 = Debug|Any CPU
		{3751D68C-0930-477E-8F62-0FDA7C2E0873}.Release|Any CPU.ActiveCfg = Release|Any CPU
		{3751D68C-0930-477E-8F62-0FDA7C2E0873}.Release|Any CPU.Build.0 = Release|Any CPU
		{39D93044-6DA9-4A0D-9023-E4114C1A3858}.Debug|Any CPU.ActiveCfg = Debug|Any CPU
		{39D93044-6DA9-4A0D-9023-E4114C1A3858}.Debug|Any CPU.Build.0 = Debug|Any CPU
		{39D93044-6DA9-4A0D-9023-E4114C1A3858}.Release|Any CPU.ActiveCfg = Release|Any CPU
		{39D93044-6DA9-4A0D-9023-E4114C1A3858}.Release|Any CPU.Build.0 = Release|Any CPU
		{5F9F2E84-ED2B-4DCF-9CC1-277978C45309}.Debug|Any CPU.ActiveCfg = Debug|Any CPU
		{5F9F2E84-ED2B-4DCF-9CC1-277978C45309}.Debug|Any CPU.Build.0 = Debug|Any CPU
		{5F9F2E84-ED2B-4DCF-9CC1-277978C45309}.Release|Any CPU.ActiveCfg = Release|Any CPU
		{5F9F2E84-ED2B-4DCF-9CC1-277978C45309}.Release|Any CPU.Build.0 = Release|Any CPU
	EndGlobalSection
	GlobalSection(SolutionProperties) = preSolution
		HideSolutionNode = FALSE
	EndGlobalSection
	GlobalSection(ExtensibilityGlobals) = postSolution
		SolutionGuid = {CF57A048-BFB8-489B-9FBD-AA1E201D9F65}
	EndGlobalSection
EndGlobal
